
Microsoft Visual Studio Solution File, Format Version 12.00
# Visual Studio Version 17
VisualStudioVersion = 17.5.33516.290
MinimumVisualStudioVersion = 10.0.40219.1
Project("{FAE04EC0-301F-11D3-BF4B-00C04F79EFBC}") = "RadioButtonÖrnek", "RadioButtonÖrnek.csproj", "{7A1EE90C-C8F7-45B9-B0C6-51B4E620AA33}"
EndProject
Global
	GlobalSection(SolutionConfigurationPlatforms) = preSolution
		Debug|Any CPU = Debug|Any CPU
		Release|Any CPU = Release|Any CPU
	EndGlobalSection
	GlobalSection(ProjectConfigurationPlatforms) = postSolution
		{7A1EE90C-C8F7-45B9-B0C6-51B4E620AA33}.Debug|Any CPU.ActiveCfg = Debug|Any CPU
		{7A1EE90C-C8F7-45B9-B0C6-51B4E620AA33}.Debug|Any CPU.Build.0 = Debug|Any CPU
		{7A1EE90C-C8F7-45B9-B0C6-51B4E620AA33}.Release|Any CPU.ActiveCfg = Release|Any CPU
		{7A1EE90C-C8F7-45B9-B0C6-51B4E620AA33}.Release|Any CPU.Build.0 = Release|Any CPU
	EndGlobalSection
	GlobalSection(SolutionProperties) = preSolution
		HideSolutionNode = FALSE
	EndGlobalSection
	GlobalSection(ExtensibilityGlobals) = postSolution
		SolutionGuid = {863A7AE5-AC03-459C-82DF-8AF7A9BACB98}
	EndGlobalSection
EndGlobal
